
Microsoft Visual Studio Solution File, Format Version 11.00
# Visual Studio 2010
Project("{FAE04EC0-301F-11D3-BF4B-00C04F79EFBC}") = "UnityEngine.UI", "UnityEngine.UI.csproj", "{41ce8482-b436-7f36-34c6-ad695ed3482c}"
EndProject
Project("{FAE04EC0-301F-11D3-BF4B-00C04F79EFBC}") = "UnityEngine.TestRunner", "UnityEngine.TestRunner.csproj", "{8548f55d-ae0c-8387-d579-c4eb41a23bd3}"
EndProject
Project("{FAE04EC0-301F-11D3-BF4B-00C04F79EFBC}") = "Unity.VisualScripting.Flow", "Unity.VisualScripting.Flow.csproj", "{8c9b252c-f0dc-51d5-5c2a-b8d61791164d}"
EndProject
Project("{FAE04EC0-301F-11D3-BF4B-00C04F79EFBC}") = "Unity.Mathematics", "Unity.Mathematics.csproj", "{ea7030c8-09a4-15a7-417d-58dbb99c855f}"
EndProject
Project("{FAE04EC0-301F-11D3-BF4B-00C04F79EFBC}") = "Unity.Services.Core.Telemetry", "Unity.Services.Core.Telemetry.csproj", "{28760371-a7dc-08b5-3a29-c057239b969a}"
EndProject
Project("{FAE04EC0-301F-11D3-BF4B-00C04F79EFBC}") = "Unity.VisualScripting.State", "Unity.VisualScripting.State.csproj", "{de1b6555-3076-1b7a-607c-c0a6c6ba0391}"
EndProject
Project("{FAE04EC0-301F-11D3-BF4B-00C04F79EFBC}") = "Unity.VisualScripting.Core", "Unity.VisualScripting.Core.csproj", "{a52d0bb5-a5d4-389e-1364-ce621fef4222}"
EndProject
Project("{FAE04EC0-301F-11D3-BF4B-00C04F79EFBC}") = "Unity.Services.Core.Environments.Internal", "Unity.Services.Core.Environments.Internal.csproj", "{cdcdc2cc-e3bf-cd34-6105-94b8efc0a62d}"
EndProject
Project("{FAE04EC0-301F-11D3-BF4B-00C04F79EFBC}") = "Assembly-CSharp", "Assembly-CSharp.csproj", "{c56317b3-531d-a69b-fc72-f45d46f9eef4}"
EndProject
Project("{FAE04EC0-301F-11D3-BF4B-00C04F79EFBC}") = "Unity.Burst", "Unity.Burst.csproj", "{602340df-417a-39a1-55cc-007b09bbb2e7}"
EndProject
Project("{FAE04EC0-301F-11D3-BF4B-00C04F79EFBC}") = "Unity.2D.Animation.Runtime", "Unity.2D.Animation.Runtime.csproj", "{7dc6ddd6-9a84-132c-3f13-f1d86310753d}"
EndProject
Project("{FAE04EC0-301F-11D3-BF4B-00C04F79EFBC}") = "Unity.TextMeshPro", "Unity.TextMeshPro.csproj", "{3eb912d6-3a0a-2b1e-2823-9d3c3cfa02e3}"
EndProject
Project("{FAE04EC0-301F-11D3-BF4B-00C04F79EFBC}") = "Unity.Timeline", "Unity.Timeline.csproj", "{c1ad1b9c-8047-2c92-6f3e-6e824796c02e}"
EndProject
Project("{FAE04EC0-301F-11D3-BF4B-00C04F79EFBC}") = "Unity.Services.Core.Environments", "Unity.Services.Core.Environments.csproj", "{f5ba8e3e-a92c-705b-511b-f2fc8c840b85}"
EndProject
Project("{FAE04EC0-301F-11D3-BF4B-00C04F79EFBC}") = "Unity.Services.Core.Internal", "Unity.Services.Core.Internal.csproj", "{e613fcd6-afcd-9d87-258f-13fd5103daf3}"
EndProject
Project("{FAE04EC0-301F-11D3-BF4B-00C04F79EFBC}") = "Unity.Services.Core.Analytics", "Unity.Services.Core.Analytics.csproj", "{fa5a08ce-8741-4305-869c-fa5f82f99490}"
EndProject
Project("{FAE04EC0-301F-11D3-BF4B-00C04F79EFBC}") = "Unity.2D.SpriteShape.Runtime", "Unity.2D.SpriteShape.Runtime.csproj", "{65588924-af07-3293-4038-a3c1fcc4b5e0}"
EndProject
Project("{FAE04EC0-301F-11D3-BF4B-00C04F79EFBC}") = "Unity.Services.Core.Scheduler", "Unity.Services.Core.Scheduler.csproj", "{14d53fda-ee60-7562-699a-dd089d8f5e71}"
EndProject
Project("{FAE04EC0-301F-11D3-BF4B-00C04F79EFBC}") = "Unity.Services.Core.Registration", "Unity.Services.Core.Registration.csproj", "{2afac559-20a3-d648-de9b-674b660737ea}"
EndProject
Project("{FAE04EC0-301F-11D3-BF4B-00C04F79EFBC}") = "Unity.2D.PixelPerfect", "Unity.2D.PixelPerfect.csproj", "{8b1c75a1-0a1a-f69a-2342-71c052e152b9}"
EndProject
Project("{FAE04EC0-301F-11D3-BF4B-00C04F79EFBC}") = "Unity.2D.Common.Runtime", "Unity.2D.Common.Runtime.csproj", "{45bfe2c4-b37b-76db-c011-cbdc0bdb1ef8}"
EndProject
Project("{FAE04EC0-301F-11D3-BF4B-00C04F79EFBC}") = "Unity.2D.IK.Runtime", "Unity.2D.IK.Runtime.csproj", "{81d9cdfc-7871-8521-2def-c0176bd2a1f4}"
EndProject
Project("{FAE04EC0-301F-11D3-BF4B-00C04F79EFBC}") = "Unity.Services.Core.Device", "Unity.Services.Core.Device.csproj", "{669e14f9-806a-b1d6-f158-bef791ef4977}"
EndProject
Project("{FAE04EC0-301F-11D3-BF4B-00C04F79EFBC}") = "Unity.Services.Core.Threading", "Unity.Services.Core.Threading.csproj", "{3bb71720-3b7a-b920-b48c-6329de483181}"
EndProject
Project("{FAE04EC0-301F-11D3-BF4B-00C04F79EFBC}") = "Unity.2D.Tilemap.Extras", "Unity.2D.Tilemap.Extras.csproj", "{cd819961-4ca6-07f8-90f0-2641872d25bd}"
EndProject
Project("{FAE04EC0-301F-11D3-BF4B-00C04F79EFBC}") = "Unity.Services.Core.Networking", "Unity.Services.Core.Networking.csproj", "{03b9421c-d27d-3eac-60f1-a613a4a792a1}"
EndProject
Project("{FAE04EC0-301F-11D3-BF4B-00C04F79EFBC}") = "Unity.Services.Core", "Unity.Services.Core.csproj", "{6478ef53-0702-ef43-584a-cd97f5d403c3}"
EndProject
Project("{FAE04EC0-301F-11D3-BF4B-00C04F79EFBC}") = "Unity.InternalAPIEngineBridge.001", "Unity.InternalAPIEngineBridge.001.csproj", "{17fa19b7-679e-45db-05b3-36d80a8648a3}"
EndProject
Project("{FAE04EC0-301F-11D3-BF4B-00C04F79EFBC}") = "Unity.Services.Core.Configuration", "Unity.Services.Core.Configuration.csproj", "{680600d1-77ce-4164-ae79-de2385bdd0fb}"
EndProject
Project("{FAE04EC0-301F-11D3-BF4B-00C04F79EFBC}") = "Unity.PlasticSCM.Editor", "Unity.PlasticSCM.Editor.csproj", "{144e90b5-13f8-1d45-6424-2e5a64424a74}"
EndProject
Project("{FAE04EC0-301F-11D3-BF4B-00C04F79EFBC}") = "Unity.VisualScripting.Core.Editor", "Unity.VisualScripting.Core.Editor.csproj", "{f4d4d8f4-84da-c6b1-5339-ca67faa2d1b6}"
EndProject
Project("{FAE04EC0-301F-11D3-BF4B-00C04F79EFBC}") = "Unity.VisualScripting.Flow.Editor", "Unity.VisualScripting.Flow.Editor.csproj", "{5136224a-32e6-6da9-9b00-76e3bd0aa3ba}"
EndProject
Project("{FAE04EC0-301F-11D3-BF4B-00C04F79EFBC}") = "Unity.VisualStudio.Editor", "Unity.VisualStudio.Editor.csproj", "{9f29c9e2-44e3-9957-ea5f-c630c047badb}"
EndProject
Project("{FAE04EC0-301F-11D3-BF4B-00C04F79EFBC}") = "Unity.Timeline.Editor", "Unity.Timeline.Editor.csproj", "{91913a77-8892-76e2-627f-58924976f73b}"
EndProject
Project("{FAE04EC0-301F-11D3-BF4B-00C04F79EFBC}") = "Unity.VisualScripting.State.Editor", "Unity.VisualScripting.State.Editor.csproj", "{a641405c-89d7-7adf-2b7d-af5947b93288}"
EndProject
Project("{FAE04EC0-301F-11D3-BF4B-00C04F79EFBC}") = "Unity.TextMeshPro.Editor", "Unity.TextMeshPro.Editor.csproj", "{29eb1618-7404-f779-00e6-a8ae76cb0720}"
EndProject
Project("{FAE04EC0-301F-11D3-BF4B-00C04F79EFBC}") = "Unity.2D.Animation.Editor", "Unity.2D.Animation.Editor.csproj", "{e470af3c-30c8-ad5b-f4b4-4060fd91741d}"
EndProject
Project("{FAE04EC0-301F-11D3-BF4B-00C04F79EFBC}") = "Unity.VisualScripting.SettingsProvider.Editor", "Unity.VisualScripting.SettingsProvider.Editor.csproj", "{e632df47-0082-4dbd-2537-a441d4c5b866}"
EndProject
Project("{FAE04EC0-301F-11D3-BF4B-00C04F79EFBC}") = "Unity.CollabProxy.Editor", "Unity.CollabProxy.Editor.csproj", "{016e4e75-78c9-f76d-0b2e-60845439b315}"
EndProject
Project("{FAE04EC0-301F-11D3-BF4B-00C04F79EFBC}") = "UnityEditor.TestRunner", "UnityEditor.TestRunner.csproj", "{d9c2dfd0-5323-c23c-ed0b-a345591629bf}"
EndProject
Project("{FAE04EC0-301F-11D3-BF4B-00C04F79EFBC}") = "Unity.2D.Tilemap.Editor", "Unity.2D.Tilemap.Editor.csproj", "{91663901-c868-b6e5-028b-30fdde3e07e5}"
EndProject
Project("{FAE04EC0-301F-11D3-BF4B-00C04F79EFBC}") = "Unity.Services.Core.Editor", "Unity.Services.Core.Editor.csproj", "{8e8ae65a-2067-40d1-c8d4-cb5d97b7bdd9}"
EndProject
Project("{FAE04EC0-301F-11D3-BF4B-00C04F79EFBC}") = "Unity.Rider.Editor", "Unity.Rider.Editor.csproj", "{1815be48-bbd5-f153-b4f2-77933f8c704e}"
EndProject
Project("{FAE04EC0-301F-11D3-BF4B-00C04F79EFBC}") = "Unity.2D.Path.Editor", "Unity.2D.Path.Editor.csproj", "{8d5b6ebe-d4b6-69f4-1d89-57f6d6eb2e1d}"
EndProject
Project("{FAE04EC0-301F-11D3-BF4B-00C04F79EFBC}") = "PsdPlugin", "PsdPlugin.csproj", "{57601417-3d5f-8215-ebc1-5258c8b5e81a}"
EndProject
Project("{FAE04EC0-301F-11D3-BF4B-00C04F79EFBC}") = "Unity.2D.IK.Editor", "Unity.2D.IK.Editor.csproj", "{d1d8e8c0-77ba-2941-6ffb-310b84a074b3}"
EndProject
Project("{FAE04EC0-301F-11D3-BF4B-00C04F79EFBC}") = "Unity.2D.Psdimporter.Editor", "Unity.2D.Psdimporter.Editor.csproj", "{38f8b019-b44e-2b12-2478-fc5dadbf0615}"
EndProject
Project("{FAE04EC0-301F-11D3-BF4B-00C04F79EFBC}") = "Unity.2D.SpriteShape.Editor", "Unity.2D.SpriteShape.Editor.csproj", "{245c8661-510d-7546-f805-1f85dcdb6653}"
EndProject
Project("{FAE04EC0-301F-11D3-BF4B-00C04F79EFBC}") = "Unity.Burst.CodeGen", "Unity.Burst.CodeGen.csproj", "{fb1c7486-1fcd-de5e-74a3-8c288bb96752}"
EndProject
Project("{FAE04EC0-301F-11D3-BF4B-00C04F79EFBC}") = "Unity.2D.PixelPerfect.Editor", "Unity.2D.PixelPerfect.Editor.csproj", "{3bc511c7-1c94-361e-93b8-09e2e7a84b30}"
EndProject
Project("{FAE04EC0-301F-11D3-BF4B-00C04F79EFBC}") = "Unity.VSCode.Editor", "Unity.VSCode.Editor.csproj", "{3ce286ea-e523-0fac-91b0-8d68b562d466}"
EndProject
Project("{FAE04EC0-301F-11D3-BF4B-00C04F79EFBC}") = "Unity.2D.Sprite.Editor", "Unity.2D.Sprite.Editor.csproj", "{cf98c757-e196-4bf6-f3c5-681268bbfe99}"
EndProject
Project("{FAE04EC0-301F-11D3-BF4B-00C04F79EFBC}") = "UnityEditor.UI", "UnityEditor.UI.csproj", "{a8125d79-9ca0-95e0-d661-7ee6613754aa}"
EndProject
Project("{FAE04EC0-301F-11D3-BF4B-00C04F79EFBC}") = "Unity.EditorCoroutines.Editor", "Unity.EditorCoroutines.Editor.csproj", "{e85ec694-f36c-b525-0306-fa9d0a18709c}"
EndProject
Project("{FAE04EC0-301F-11D3-BF4B-00C04F79EFBC}") = "Unity.Settings.Editor", "Unity.Settings.Editor.csproj", "{4cb32cd6-9441-a393-4bcd-70f6a5f1c9f6}"
EndProject
Project("{FAE04EC0-301F-11D3-BF4B-00C04F79EFBC}") = "Unity.2D.Common.Editor", "Unity.2D.Common.Editor.csproj", "{158e4829-825c-634b-9814-25fe28c9098b}"
EndProject
Project("{FAE04EC0-301F-11D3-BF4B-00C04F79EFBC}") = "Unity.Mathematics.Editor", "Unity.Mathematics.Editor.csproj", "{1444f721-b013-3992-e6c5-f96be2e3c341}"
EndProject
Project("{FAE04EC0-301F-11D3-BF4B-00C04F79EFBC}") = "Unity.Services.Core.Configuration.Editor", "Unity.Services.Core.Configuration.Editor.csproj", "{b1b5e839-38be-2f28-30e3-ad86196787ac}"
EndProject
Project("{FAE04EC0-301F-11D3-BF4B-00C04F79EFBC}") = "Unity.2D.Tilemap.Extras.Editor", "Unity.2D.Tilemap.Extras.Editor.csproj", "{8aadf3a2-4b9a-5711-b6e6-ab5cfc74748e}"
EndProject
Project("{FAE04EC0-301F-11D3-BF4B-00C04F79EFBC}") = "Unity.Burst.Editor", "Unity.Burst.Editor.csproj", "{afbaeff0-bfe9-ca08-9a55-37c7e9d0ab55}"
EndProject
Project("{FAE04EC0-301F-11D3-BF4B-00C04F79EFBC}") = "Unity.Play.Publisher.Editor", "Unity.Play.Publisher.Editor.csproj", "{a238f2cf-6a6f-1c94-1bc6-e9d2866eb258}"
EndProject
Project("{FAE04EC0-301F-11D3-BF4B-00C04F79EFBC}") = "Unity.InternalAPIEditorBridge.001", "Unity.InternalAPIEditorBridge.001.csproj", "{d63e9078-e31b-ef89-8dba-fb69f11af9f0}"
EndProject
Project("{FAE04EC0-301F-11D3-BF4B-00C04F79EFBC}") = "Unity.InternalAPIEditorBridgeDev.001", "Unity.InternalAPIEditorBridgeDev.001.csproj", "{e1090b65-3ed1-9c22-8f65-d226cf9185fc}"
EndProject
Project("{FAE04EC0-301F-11D3-BF4B-00C04F79EFBC}") = "Unity.VisualScripting.Shared.Editor", "Unity.VisualScripting.Shared.Editor.csproj", "{ea3dfa39-5938-20a6-1a98-c33ba710877d}"
EndProject
Global
	GlobalSection(SolutionConfigurationPlatforms) = preSolution
		Debug|Any CPU = Debug|Any CPU
	EndGlobalSection
	GlobalSection(ProjectConfigurationPlatforms) = postSolution
		{41ce8482-b436-7f36-34c6-ad695ed3482c}.Debug|Any CPU.ActiveCfg = Debug|Any CPU
		{41ce8482-b436-7f36-34c6-ad695ed3482c}.Debug|Any CPU.Build.0 = Debug|Any CPU
		{8548f55d-ae0c-8387-d579-c4eb41a23bd3}.Debug|Any CPU.ActiveCfg = Debug|Any CPU
		{8548f55d-ae0c-8387-d579-c4eb41a23bd3}.Debug|Any CPU.Build.0 = Debug|Any CPU
		{8c9b252c-f0dc-51d5-5c2a-b8d61791164d}.Debug|Any CPU.ActiveCfg = Debug|Any CPU
		{8c9b252c-f0dc-51d5-5c2a-b8d61791164d}.Debug|Any CPU.Build.0 = Debug|Any CPU
		{ea7030c8-09a4-15a7-417d-58dbb99c855f}.Debug|Any CPU.ActiveCfg = Debug|Any CPU
		{ea7030c8-09a4-15a7-417d-58dbb99c855f}.Debug|Any CPU.Build.0 = Debug|Any CPU
		{28760371-a7dc-08b5-3a29-c057239b969a}.Debug|Any CPU.ActiveCfg = Debug|Any CPU
		{28760371-a7dc-08b5-3a29-c057239b969a}.Debug|Any CPU.Build.0 = Debug|Any CPU
		{de1b6555-3076-1b7a-607c-c0a6c6ba0391}.Debug|Any CPU.ActiveCfg = Debug|Any CPU
		{de1b6555-3076-1b7a-607c-c0a6c6ba0391}.Debug|Any CPU.Build.0 = Debug|Any CPU
		{a52d0bb5-a5d4-389e-1364-ce621fef4222}.Debug|Any CPU.ActiveCfg = Debug|Any CPU
		{a52d0bb5-a5d4-389e-1364-ce621fef4222}.Debug|Any CPU.Build.0 = Debug|Any CPU
		{cdcdc2cc-e3bf-cd34-6105-94b8efc0a62d}.Debug|Any CPU.ActiveCfg = Debug|Any CPU
		{cdcdc2cc-e3bf-cd34-6105-94b8efc0a62d}.Debug|Any CPU.Build.0 = Debug|Any CPU
		{c56317b3-531d-a69b-fc72-f45d46f9eef4}.Debug|Any CPU.ActiveCfg = Debug|Any CPU
		{c56317b3-531d-a69b-fc72-f45d46f9eef4}.Debug|Any CPU.Build.0 = Debug|Any CPU
		{602340df-417a-39a1-55cc-007b09bbb2e7}.Debug|Any CPU.ActiveCfg = Debug|Any CPU
		{602340df-417a-39a1-55cc-007b09bbb2e7}.Debug|Any CPU.Build.0 = Debug|Any CPU
		{7dc6ddd6-9a84-132c-3f13-f1d86310753d}.Debug|Any CPU.ActiveCfg = Debug|Any CPU
		{7dc6ddd6-9a84-132c-3f13-f1d86310753d}.Debug|Any CPU.Build.0 = Debug|Any CPU
		{3eb912d6-3a0a-2b1e-2823-9d3c3cfa02e3}.Debug|Any CPU.ActiveCfg = Debug|Any CPU
		{3eb912d6-3a0a-2b1e-2823-9d3c3cfa02e3}.Debug|Any CPU.Build.0 = Debug|Any CPU
		{c1ad1b9c-8047-2c92-6f3e-6e824796c02e}.Debug|Any CPU.ActiveCfg = Debug|Any CPU
		{c1ad1b9c-8047-2c92-6f3e-6e824796c02e}.Debug|Any CPU.Build.0 = Debug|Any CPU
		{f5ba8e3e-a92c-705b-511b-f2fc8c840b85}.Debug|Any CPU.ActiveCfg = Debug|Any CPU
		{f5ba8e3e-a92c-705b-511b-f2fc8c840b85}.Debug|Any CPU.Build.0 = Debug|Any CPU
		{e613fcd6-afcd-9d87-258f-13fd5103daf3}.Debug|Any CPU.ActiveCfg = Debug|Any CPU
		{e613fcd6-afcd-9d87-258f-13fd5103daf3}.Debug|Any CPU.Build.0 = Debug|Any CPU
		{fa5a08ce-8741-4305-869c-fa5f82f99490}.Debug|Any CPU.ActiveCfg = Debug|Any CPU
		{fa5a08ce-8741-4305-869c-fa5f82f99490}.Debug|Any CPU.Build.0 = Debug|Any CPU
		{65588924-af07-3293-4038-a3c1fcc4b5e0}.Debug|Any CPU.ActiveCfg = Debug|Any CPU
		{65588924-af07-3293-4038-a3c1fcc4b5e0}.Debug|Any CPU.Build.0 = Debug|Any CPU
		{14d53fda-ee60-7562-699a-dd089d8f5e71}.Debug|Any CPU.ActiveCfg = Debug|Any CPU
		{14d53fda-ee60-7562-699a-dd089d8f5e71}.Debug|Any CPU.Build.0 = Debug|Any CPU
		{2afac559-20a3-d648-de9b-674b660737ea}.Debug|Any CPU.ActiveCfg = Debug|Any CPU
		{2afac559-20a3-d648-de9b-674b660737ea}.Debug|Any CPU.Build.0 = Debug|Any CPU
		{8b1c75a1-0a1a-f69a-2342-71c052e152b9}.Debug|Any CPU.ActiveCfg = Debug|Any CPU
		{8b1c75a1-0a1a-f69a-2342-71c052e152b9}.Debug|Any CPU.Build.0 = Debug|Any CPU
		{45bfe2c4-b37b-76db-c011-cbdc0bdb1ef8}.Debug|Any CPU.ActiveCfg = Debug|Any CPU
		{45bfe2c4-b37b-76db-c011-cbdc0bdb1ef8}.Debug|Any CPU.Build.0 = Debug|Any CPU
		{81d9cdfc-7871-8521-2def-c0176bd2a1f4}.Debug|Any CPU.ActiveCfg = Debug|Any CPU
		{81d9cdfc-7871-8521-2def-c0176bd2a1f4}.Debug|Any CPU.Build.0 = Debug|Any CPU
		{669e14f9-806a-b1d6-f158-bef791ef4977}.Debug|Any CPU.ActiveCfg = Debug|Any CPU
		{669e14f9-806a-b1d6-f158-bef791ef4977}.Debug|Any CPU.Build.0 = Debug|Any CPU
		{3bb71720-3b7a-b920-b48c-6329de483181}.Debug|Any CPU.ActiveCfg = Debug|Any CPU
		{3bb71720-3b7a-b920-b48c-6329de483181}.Debug|Any CPU.Build.0 = Debug|Any CPU
		{cd819961-4ca6-07f8-90f0-2641872d25bd}.Debug|Any CPU.ActiveCfg = Debug|Any CPU
		{cd819961-4ca6-07f8-90f0-2641872d25bd}.Debug|Any CPU.Build.0 = Debug|Any CPU
		{03b9421c-d27d-3eac-60f1-a613a4a792a1}.Debug|Any CPU.ActiveCfg = Debug|Any CPU
		{03b9421c-d27d-3eac-60f1-a613a4a792a1}.Debug|Any CPU.Build.0 = Debug|Any CPU
		{6478ef53-0702-ef43-584a-cd97f5d403c3}.Debug|Any CPU.ActiveCfg = Debug|Any CPU
		{6478ef53-0702-ef43-584a-cd97f5d403c3}.Debug|Any CPU.Build.0 = Debug|Any CPU
		{17fa19b7-679e-45db-05b3-36d80a8648a3}.Debug|Any CPU.ActiveCfg = Debug|Any CPU
		{17fa19b7-679e-45db-05b3-36d80a8648a3}.Debug|Any CPU.Build.0 = Debug|Any CPU
		{680600d1-77ce-4164-ae79-de2385bdd0fb}.Debug|Any CPU.ActiveCfg = Debug|Any CPU
		{680600d1-77ce-4164-ae79-de2385bdd0fb}.Debug|Any CPU.Build.0 = Debug|Any CPU
		{144e90b5-13f8-1d45-6424-2e5a64424a74}.Debug|Any CPU.ActiveCfg = Debug|Any CPU
		{144e90b5-13f8-1d45-6424-2e5a64424a74}.Debug|Any CPU.Build.0 = Debug|Any CPU
		{f4d4d8f4-84da-c6b1-5339-ca67faa2d1b6}.Debug|Any CPU.ActiveCfg = Debug|Any CPU
		{f4d4d8f4-84da-c6b1-5339-ca67faa2d1b6}.Debug|Any CPU.Build.0 = Debug|Any CPU
		{5136224a-32e6-6da9-9b00-76e3bd0aa3ba}.Debug|Any CPU.ActiveCfg = Debug|Any CPU
		{5136224a-32e6-6da9-9b00-76e3bd0aa3ba}.Debug|Any CPU.Build.0 = Debug|Any CPU
		{9f29c9e2-44e3-9957-ea5f-c630c047badb}.Debug|Any CPU.ActiveCfg = Debug|Any CPU
		{9f29c9e2-44e3-9957-ea5f-c630c047badb}.Debug|Any CPU.Build.0 = Debug|Any CPU
		{91913a77-8892-76e2-627f-58924976f73b}.Debug|Any CPU.ActiveCfg = Debug|Any CPU
		{91913a77-8892-76e2-627f-58924976f73b}.Debug|Any CPU.Build.0 = Debug|Any CPU
		{a641405c-89d7-7adf-2b7d-af5947b93288}.Debug|Any CPU.ActiveCfg = Debug|Any CPU
		{a641405c-89d7-7adf-2b7d-af5947b93288}.Debug|Any CPU.Build.0 = Debug|Any CPU
		{29eb1618-7404-f779-00e6-a8ae76cb0720}.Debug|Any CPU.ActiveCfg = Debug|Any CPU
		{29eb1618-7404-f779-00e6-a8ae76cb0720}.Debug|Any CPU.Build.0 = Debug|Any CPU
		{e470af3c-30c8-ad5b-f4b4-4060fd91741d}.Debug|Any CPU.ActiveCfg = Debug|Any CPU
		{e470af3c-30c8-ad5b-f4b4-4060fd91741d}.Debug|Any CPU.Build.0 = Debug|Any CPU
		{e632df47-0082-4dbd-2537-a441d4c5b866}.Debug|Any CPU.ActiveCfg = Debug|Any CPU
		{e632df47-0082-4dbd-2537-a441d4c5b866}.Debug|Any CPU.Build.0 = Debug|Any CPU
		{016e4e75-78c9-f76d-0b2e-60845439b315}.Debug|Any CPU.ActiveCfg = Debug|Any CPU
		{016e4e75-78c9-f76d-0b2e-60845439b315}.Debug|Any CPU.Build.0 = Debug|Any CPU
		{d9c2dfd0-5323-c23c-ed0b-a345591629bf}.Debug|Any CPU.ActiveCfg = Debug|Any CPU
		{d9c2dfd0-5323-c23c-ed0b-a345591629bf}.Debug|Any CPU.Build.0 = Debug|Any CPU
		{91663901-c868-b6e5-028b-30fdde3e07e5}.Debug|Any CPU.ActiveCfg = Debug|Any CPU
		{91663901-c868-b6e5-028b-30fdde3e07e5}.Debug|Any CPU.Build.0 = Debug|Any CPU
		{8e8ae65a-2067-40d1-c8d4-cb5d97b7bdd9}.Debug|Any CPU.ActiveCfg = Debug|Any CPU
		{8e8ae65a-2067-40d1-c8d4-cb5d97b7bdd9}.Debug|Any CPU.Build.0 = Debug|Any CPU
		{1815be48-bbd5-f153-b4f2-77933f8c704e}.Debug|Any CPU.ActiveCfg = Debug|Any CPU
		{1815be48-bbd5-f153-b4f2-77933f8c704e}.Debug|Any CPU.Build.0 = Debug|Any CPU
		{8d5b6ebe-d4b6-69f4-1d89-57f6d6eb2e1d}.Debug|Any CPU.ActiveCfg = Debug|Any CPU
		{8d5b6ebe-d4b6-69f4-1d89-57f6d6eb2e1d}.Debug|Any CPU.Build.0 = Debug|Any CPU
		{57601417-3d5f-8215-ebc1-5258c8b5e81a}.Debug|Any CPU.ActiveCfg = Debug|Any CPU
		{57601417-3d5f-8215-ebc1-5258c8b5e81a}.Debug|Any CPU.Build.0 = Debug|Any CPU
		{d1d8e8c0-77ba-2941-6ffb-310b84a074b3}.Debug|Any CPU.ActiveCfg = Debug|Any CPU
		{d1d8e8c0-77ba-2941-6ffb-310b84a074b3}.Debug|Any CPU.Build.0 = Debug|Any CPU
		{38f8b019-b44e-2b12-2478-fc5dadbf0615}.Debug|Any CPU.ActiveCfg = Debug|Any CPU
		{38f8b019-b44e-2b12-2478-fc5dadbf0615}.Debug|Any CPU.Build.0 = Debug|Any CPU
		{245c8661-510d-7546-f805-1f85dcdb6653}.Debug|Any CPU.ActiveCfg = Debug|Any CPU
		{245c8661-510d-7546-f805-1f85dcdb6653}.Debug|Any CPU.Build.0 = Debug|Any CPU
		{fb1c7486-1fcd-de5e-74a3-8c288bb96752}.Debug|Any CPU.ActiveCfg = Debug|Any CPU
		{fb1c7486-1fcd-de5e-74a3-8c288bb96752}.Debug|Any CPU.Build.0 = Debug|Any CPU
		{3bc511c7-1c94-361e-93b8-09e2e7a84b30}.Debug|Any CPU.ActiveCfg = Debug|Any CPU
		{3bc511c7-1c94-361e-93b8-09e2e7a84b30}.Debug|Any CPU.Build.0 = Debug|Any CPU
		{3ce286ea-e523-0fac-91b0-8d68b562d466}.Debug|Any CPU.ActiveCfg = Debug|Any CPU
		{3ce286ea-e523-0fac-91b0-8d68b562d466}.Debug|Any CPU.Build.0 = Debug|Any CPU
		{cf98c757-e196-4bf6-f3c5-681268bbfe99}.Debug|Any CPU.ActiveCfg = Debug|Any CPU
		{cf98c757-e196-4bf6-f3c5-681268bbfe99}.Debug|Any CPU.Build.0 = Debug|Any CPU
		{a8125d79-9ca0-95e0-d661-7ee6613754aa}.Debug|Any CPU.ActiveCfg = Debug|Any CPU
		{a8125d79-9ca0-95e0-d661-7ee6613754aa}.Debug|Any CPU.Build.0 = Debug|Any CPU
		{e85ec694-f36c-b525-0306-fa9d0a18709c}.Debug|Any CPU.ActiveCfg = Debug|Any CPU
		{e85ec694-f36c-b525-0306-fa9d0a18709c}.Debug|Any CPU.Build.0 = Debug|Any CPU
		{4cb32cd6-9441-a393-4bcd-70f6a5f1c9f6}.Debug|Any CPU.ActiveCfg = Debug|Any CPU
		{4cb32cd6-9441-a393-4bcd-70f6a5f1c9f6}.Debug|Any CPU.Build.0 = Debug|Any CPU
		{158e4829-825c-634b-9814-25fe28c9098b}.Debug|Any CPU.ActiveCfg = Debug|Any CPU
		{158e4829-825c-634b-9814-25fe28c9098b}.Debug|Any CPU.Build.0 = Debug|Any CPU
		{1444f721-b013-3992-e6c5-f96be2e3c341}.Debug|Any CPU.ActiveCfg = Debug|Any CPU
		{1444f721-b013-3992-e6c5-f96be2e3c341}.Debug|Any CPU.Build.0 = Debug|Any CPU
		{b1b5e839-38be-2f28-30e3-ad86196787ac}.Debug|Any CPU.ActiveCfg = Debug|Any CPU
		{b1b5e839-38be-2f28-30e3-ad86196787ac}.Debug|Any CPU.Build.0 = Debug|Any CPU
		{8aadf3a2-4b9a-5711-b6e6-ab5cfc74748e}.Debug|Any CPU.ActiveCfg = Debug|Any CPU
		{8aadf3a2-4b9a-5711-b6e6-ab5cfc74748e}.Debug|Any CPU.Build.0 = Debug|Any CPU
		{afbaeff0-bfe9-ca08-9a55-37c7e9d0ab55}.Debug|Any CPU.ActiveCfg = Debug|Any CPU
		{afbaeff0-bfe9-ca08-9a55-37c7e9d0ab55}.Debug|Any CPU.Build.0 = Debug|Any CPU
		{a238f2cf-6a6f-1c94-1bc6-e9d2866eb258}.Debug|Any CPU.ActiveCfg = Debug|Any CPU
		{a238f2cf-6a6f-1c94-1bc6-e9d2866eb258}.Debug|Any CPU.Build.0 = Debug|Any CPU
		{d63e9078-e31b-ef89-8dba-fb69f11af9f0}.Debug|Any CPU.ActiveCfg = Debug|Any CPU
		{d63e9078-e31b-ef89-8dba-fb69f11af9f0}.Debug|Any CPU.Build.0 = Debug|Any CPU
		{e1090b65-3ed1-9c22-8f65-d226cf9185fc}.Debug|Any CPU.ActiveCfg = Debug|Any CPU
		{e1090b65-3ed1-9c22-8f65-d226cf9185fc}.Debug|Any CPU.Build.0 = Debug|Any CPU
		{ea3dfa39-5938-20a6-1a98-c33ba710877d}.Debug|Any CPU.ActiveCfg = Debug|Any CPU
		{ea3dfa39-5938-20a6-1a98-c33ba710877d}.Debug|Any CPU.Build.0 = Debug|Any CPU
	EndGlobalSection
	GlobalSection(SolutionProperties) = preSolution
		HideSolutionNode = FALSE
	EndGlobalSection
EndGlobal
